{
  "version": 4,
  "terraform_version": "1.15.7",
  "serial": 43,
  "lineage": "511abc51-619b-1e25-4e64-38390760eb5e",
  "outputs": {
    "manager_public_ip": {
      "value": "85.211.196.111",
      "type": "string"
    },
    "worker_private_ips": {
      "value": [
        "10.0.1.5",
        "10.0.1.6"
      ],
      "type": [
        "tuple",
        [
          "string",
          "string"
        ]
      ]
    }
  },
  "resources": [
    {
      "mode": "managed",
      "type": "azurerm_linux_virtual_machine",
      "name": "manager",
      "provider": "provider[\"registry.terraform.io/hashicorp/azurerm\"]",
      "instances": [
        {
          "schema_version": 0,
          "attributes": {
            "additional_capabilities": [],
            "admin_password": null,
            "admin_ssh_key": [
              {
                "public_key": "ssh-rsa AAAAB3NzaC1yc2EAAAADAQABAAACAQDcsq2GZNXrfGfldx8j4AXy1dLTwbpmRILdAzH+LgEoAjWJTPoooIjXYpYUbsClvEXXg3/ICzS+nnArIQZSHbRNuijaFqGAKySZqeJ2SuxZtLEu2SpbPWn/3byX/YZIjFaApUzoUnchpE8OroV2vJDe0Tn/n4l7N3ZNiNeexzT/MabxwbXo58+kpBOwvx36UKvCdy+a0/7SplODLHt/Cs/xuVJv5XW868vFZ8KwTygUwsQBPAzlVgL8+VPm7GwZ0KWJ/ExbPjf6VYIbcz5Q90HRyKM7DfV0tJQCnryeYNqYeC9MBrMujsMjQbioOy7Srzp06ID6yKMBf3/N8InKtwZ6Ullg/Y6mD5sVkyqFhkHC/6qnBAvpbP4KKst/bw7RGqiCmtJtSPV3DoHglPN5VuIKUh/ZbcfDUOjSKa5Y5LlUrBf4zpiP7HAPxjTKurr5HtTYKP9aCHJ1tVovW8zWOYbdVy6fuKmB912J4kOJYEn8QFkMhU4NNM+cJDYiwW6GZV4kY16jY29xdnW/pUYPkq5+wj93LhDV8iprk4ridw1j+CAyb39W9kYh+AHjrtymQn0ph/PF4AGUyubHA7YG+bf9NQCgQcQNoZpmUZSbfcVTPqbK5Ro4Sz5G1NXzdbRH8YwlSBkroaX6jm7ZcuDJIlfa+wd0AM9xsv61EWk4fnBRKQ== rajim59@DESKTOP-06V32I5\n",
                "username": "azureuser"
              }
            ],
            "admin_username": "azureuser",
            "allow_extension_operations": true,
            "availability_set_id": "",
            "boot_diagnostics": [],
            "bypass_platform_safety_checks_on_user_schedule_enabled": false,
            "capacity_reservation_group_id": "",
            "computer_name": "swarm-manager-1",
            "custom_data": "IyEvYmluL2Jhc2gKc2V0IC1lCmN1cmwgLWZzU0wgaHR0cHM6Ly9nZXQuZG9ja2VyLmNvbSB8IHNoCnN1ZG8gdXNlcm1vZCAtYUcgZG9ja2VyIGF6dXJldXNlcgpzdWRvIHN5c3RlbWN0bCBlbmFibGUgZG9ja2VyCnN1ZG8gc3lzdGVtY3RsIHN0YXJ0IGRvY2tlcgplY2hvICJ2bS5tYXhfbWFwX2NvdW50PTI2MjE0NCIgfCBzdWRvIHRlZSAtYSAvZXRjL3N5c2N0bC5jb25mCnN1ZG8gc3lzY3RsIC1wCg==",
            "dedicated_host_group_id": "",
            "dedicated_host_id": "",
            "disable_password_authentication": true,
            "disk_controller_type": "SCSI",
            "edge_zone": "",
            "encryption_at_host_enabled": false,
            "eviction_policy": "",
            "extensions_time_budget": "PT1H30M",
            "gallery_application": [],
            "id": "/subscriptions/5856ea95-14af-42c5-a3de-d77985bd761c/resourceGroups/swarmfort-resources-v3/providers/Microsoft.Compute/virtualMachines/swarm-manager-1",
            "identity": [],
            "license_type": "",
            "location": "malaysiawest",
            "max_bid_price": -1,
            "name": "swarm-manager-1",
            "network_interface_ids": [
              "/subscriptions/5856ea95-14af-42c5-a3de-d77985bd761c/resourceGroups/swarmfort-resources-v3/providers/Microsoft.Network/networkInterfaces/manager-nic"
            ],
            "os_disk": [
              {
                "caching": "ReadWrite",
                "diff_disk_settings": [],
                "disk_encryption_set_id": "",
                "disk_size_gb": 30,
                "name": "swarm-manager-1_OsDisk_1_57439d83d94e440791e864d4ec1dda5a",
                "secure_vm_disk_encryption_set_id": "",
                "security_encryption_type": "",
                "storage_account_type": "Standard_LRS",
                "write_accelerator_enabled": false
              }
            ],
            "os_image_notification": [],
            "patch_assessment_mode": "ImageDefault",
            "patch_mode": "ImageDefault",
            "plan": [],
            "platform_fault_domain": -1,
            "priority": "Regular",
            "private_ip_address": "10.0.1.4",
            "private_ip_addresses": [
              "10.0.1.4"
            ],
            "provision_vm_agent": true,
            "proximity_placement_group_id": "",
            "public_ip_address": "85.211.196.111",
            "public_ip_addresses": [
              "85.211.196.111"
            ],
            "reboot_setting": "",
            "resource_group_name": "swarmfort-resources-v3",
            "secret": [],
            "secure_boot_enabled": false,
            "size": "Standard_B2ats_v2",
            "source_image_id": "",
            "source_image_reference": [
              {
                "offer": "ubuntu-24_04-lts",
                "publisher": "Canonical",
                "sku": "server",
                "version": "latest"
              }
            ],
            "tags": null,
            "termination_notification": null,
            "timeouts": null,
            "user_data": "",
            "virtual_machine_id": "7b453d6b-7de3-48eb-97eb-cdf36d2f20ae",
            "virtual_machine_scale_set_id": "",
            "vm_agent_platform_updates_enabled": false,
            "vtpm_enabled": false,
            "zone": ""
          },
          "sensitive_attributes": [
            [
              {
                "type": "get_attr",
                "value": "admin_password"
              }
            ],
            [
              {
                "type": "get_attr",
                "value": "custom_data"
              }
            ]
          ],
          "identity_schema_version": 0,
          "private": "eyJlMmJmYjczMC1lY2FhLTExZTYtOGY4OC0zNDM2M2JjN2M0YzAiOnsiY3JlYXRlIjoyNzAwMDAwMDAwMDAwLCJkZWxldGUiOjI3MDAwMDAwMDAwMDAsInJlYWQiOjMwMDAwMDAwMDAwMCwidXBkYXRlIjoyNzAwMDAwMDAwMDAwfX0=",
          "dependencies": [
            "azurerm_network_interface.manager_nic",
            "azurerm_network_interface_security_group_association.manager_assoc",
            "azurerm_network_security_group.swarm_nsg",
            "azurerm_public_ip.manager_pip",
            "azurerm_resource_group.swarm_rg",
            "azurerm_subnet.swarm_subnet",
            "azurerm_virtual_network.swarm_vnet"
          ]
        }
      ]
    },
    {
      "mode": "managed",
      "type": "azurerm_linux_virtual_machine",
      "name": "workers",
      "provider": "provider[\"registry.terraform.io/hashicorp/azurerm\"]",
      "instances": [
        {
          "index_key": 0,
          "schema_version": 0,
          "attributes": {
            "additional_capabilities": [],
            "admin_password": null,
            "admin_ssh_key": [
              {
                "public_key": "ssh-rsa AAAAB3NzaC1yc2EAAAADAQABAAACAQDcsq2GZNXrfGfldx8j4AXy1dLTwbpmRILdAzH+LgEoAjWJTPoooIjXYpYUbsClvEXXg3/ICzS+nnArIQZSHbRNuijaFqGAKySZqeJ2SuxZtLEu2SpbPWn/3byX/YZIjFaApUzoUnchpE8OroV2vJDe0Tn/n4l7N3ZNiNeexzT/MabxwbXo58+kpBOwvx36UKvCdy+a0/7SplODLHt/Cs/xuVJv5XW868vFZ8KwTygUwsQBPAzlVgL8+VPm7GwZ0KWJ/ExbPjf6VYIbcz5Q90HRyKM7DfV0tJQCnryeYNqYeC9MBrMujsMjQbioOy7Srzp06ID6yKMBf3/N8InKtwZ6Ullg/Y6mD5sVkyqFhkHC/6qnBAvpbP4KKst/bw7RGqiCmtJtSPV3DoHglPN5VuIKUh/ZbcfDUOjSKa5Y5LlUrBf4zpiP7HAPxjTKurr5HtTYKP9aCHJ1tVovW8zWOYbdVy6fuKmB912J4kOJYEn8QFkMhU4NNM+cJDYiwW6GZV4kY16jY29xdnW/pUYPkq5+wj93LhDV8iprk4ridw1j+CAyb39W9kYh+AHjrtymQn0ph/PF4AGUyubHA7YG+bf9NQCgQcQNoZpmUZSbfcVTPqbK5Ro4Sz5G1NXzdbRH8YwlSBkroaX6jm7ZcuDJIlfa+wd0AM9xsv61EWk4fnBRKQ== rajim59@DESKTOP-06V32I5\n",
                "username": "azureuser"
              }
            ],
            "admin_username": "azureuser",
            "allow_extension_operations": true,
            "availability_set_id": "",
            "boot_diagnostics": [],
            "bypass_platform_safety_checks_on_user_schedule_enabled": false,
            "capacity_reservation_group_id": "",
            "computer_name": "swarm-worker-1",
            "custom_data": "IyEvYmluL2Jhc2gKc2V0IC1lCmN1cmwgLWZzU0wgaHR0cHM6Ly9nZXQuZG9ja2VyLmNvbSB8IHNoCnN1ZG8gdXNlcm1vZCAtYUcgZG9ja2VyIGF6dXJldXNlcgpzdWRvIHN5c3RlbWN0bCBlbmFibGUgZG9ja2VyCnN1ZG8gc3lzdGVtY3RsIHN0YXJ0IGRvY2tlcgplY2hvICJ2bS5tYXhfbWFwX2NvdW50PTI2MjE0NCIgfCBzdWRvIHRlZSAtYSAvZXRjL3N5c2N0bC5jb25mCnN1ZG8gc3lzY3RsIC1wCg==",
            "dedicated_host_group_id": "",
            "dedicated_host_id": "",
            "disable_password_authentication": true,
            "disk_controller_type": "SCSI",
            "edge_zone": "",
            "encryption_at_host_enabled": false,
            "eviction_policy": "",
            "extensions_time_budget": "PT1H30M",
            "gallery_application": [],
            "id": "/subscriptions/5856ea95-14af-42c5-a3de-d77985bd761c/resourceGroups/swarmfort-resources-v3/providers/Microsoft.Compute/virtualMachines/swarm-worker-1",
            "identity": [],
            "license_type": "",
            "location": "malaysiawest",
            "max_bid_price": -1,
            "name": "swarm-worker-1",
            "network_interface_ids": [
              "/subscriptions/5856ea95-14af-42c5-a3de-d77985bd761c/resourceGroups/swarmfort-resources-v3/providers/Microsoft.Network/networkInterfaces/worker-1-nic"
            ],
            "os_disk": [
              {
                "caching": "ReadWrite",
                "diff_disk_settings": [],
                "disk_encryption_set_id": "",
                "disk_size_gb": 30,
                "name": "swarm-worker-1_OsDisk_1_65e6586dc5f1497b81f64dcf7a69305f",
                "secure_vm_disk_encryption_set_id": "",
                "security_encryption_type": "",
                "storage_account_type": "Standard_LRS",
                "write_accelerator_enabled": false
              }
            ],
            "os_image_notification": [],
            "patch_assessment_mode": "ImageDefault",
            "patch_mode": "ImageDefault",
            "plan": [],
            "platform_fault_domain": -1,
            "priority": "Regular",
            "private_ip_address": "10.0.1.5",
            "private_ip_addresses": [
              "10.0.1.5"
            ],
            "provision_vm_agent": true,
            "proximity_placement_group_id": "",
            "public_ip_address": "",
            "public_ip_addresses": [],
            "reboot_setting": "",
            "resource_group_name": "swarmfort-resources-v3",
            "secret": [],
            "secure_boot_enabled": false,
            "size": "Standard_B2ats_v2",
            "source_image_id": "",
            "source_image_reference": [
              {
                "offer": "ubuntu-24_04-lts",
                "publisher": "Canonical",
                "sku": "server",
                "version": "latest"
              }
            ],
            "tags": null,
            "termination_notification": null,
            "timeouts": null,
            "user_data": "",
            "virtual_machine_id": "5632291b-2df8-469f-88ef-24579a9efe4e",
            "virtual_machine_scale_set_id": "",
            "vm_agent_platform_updates_enabled": false,
            "vtpm_enabled": false,
            "zone": ""
          },
          "sensitive_attributes": [
            [
              {
                "type": "get_attr",
                "value": "admin_password"
              }
            ],
            [
              {
                "type": "get_attr",
                "value": "custom_data"
              }
            ]
          ],
          "identity_schema_version": 0,
          "private": "eyJlMmJmYjczMC1lY2FhLTExZTYtOGY4OC0zNDM2M2JjN2M0YzAiOnsiY3JlYXRlIjoyNzAwMDAwMDAwMDAwLCJkZWxldGUiOjI3MDAwMDAwMDAwMDAsInJlYWQiOjMwMDAwMDAwMDAwMCwidXBkYXRlIjoyNzAwMDAwMDAwMDAwfX0=",
          "dependencies": [
            "azurerm_network_interface.worker_nic",
            "azurerm_network_interface_security_group_association.worker_assoc",
            "azurerm_network_security_group.swarm_nsg",
            "azurerm_resource_group.swarm_rg",
            "azurerm_subnet.swarm_subnet",
            "azurerm_virtual_network.swarm_vnet"
          ]
        },
        {
          "index_key": 1,
          "schema_version": 0,
          "attributes": {
            "additional_capabilities": [],
            "admin_password": null,
            "admin_ssh_key": [
              {
                "public_key": "ssh-rsa AAAAB3NzaC1yc2EAAAADAQABAAACAQDcsq2GZNXrfGfldx8j4AXy1dLTwbpmRILdAzH+LgEoAjWJTPoooIjXYpYUbsClvEXXg3/ICzS+nnArIQZSHbRNuijaFqGAKySZqeJ2SuxZtLEu2SpbPWn/3byX/YZIjFaApUzoUnchpE8OroV2vJDe0Tn/n4l7N3ZNiNeexzT/MabxwbXo58+kpBOwvx36UKvCdy+a0/7SplODLHt/Cs/xuVJv5XW868vFZ8KwTygUwsQBPAzlVgL8+VPm7GwZ0KWJ/ExbPjf6VYIbcz5Q90HRyKM7DfV0tJQCnryeYNqYeC9MBrMujsMjQbioOy7Srzp06ID6yKMBf3/N8InKtwZ6Ullg/Y6mD5sVkyqFhkHC/6qnBAvpbP4KKst/bw7RGqiCmtJtSPV3DoHglPN5VuIKUh/ZbcfDUOjSKa5Y5LlUrBf4zpiP7HAPxjTKurr5HtTYKP9aCHJ1tVovW8zWOYbdVy6fuKmB912J4kOJYEn8QFkMhU4NNM+cJDYiwW6GZV4kY16jY29xdnW/pUYPkq5+wj93LhDV8iprk4ridw1j+CAyb39W9kYh+AHjrtymQn0ph/PF4AGUyubHA7YG+bf9NQCgQcQNoZpmUZSbfcVTPqbK5Ro4Sz5G1NXzdbRH8YwlSBkroaX6jm7ZcuDJIlfa+wd0AM9xsv61EWk4fnBRKQ== rajim59@DESKTOP-06V32I5\n",
                "username": "azureuser"
              }
            ],
            "admin_username": "azureuser",
            "allow_extension_operations": true,
            "availability_set_id": "",
            "boot_diagnostics": [],
            "bypass_platform_safety_checks_on_user_schedule_enabled": false,
            "capacity_reservation_group_id": "",
            "computer_name": "swarm-worker-2",
            "custom_data": "IyEvYmluL2Jhc2gKc2V0IC1lCmN1cmwgLWZzU0wgaHR0cHM6Ly9nZXQuZG9ja2VyLmNvbSB8IHNoCnN1ZG8gdXNlcm1vZCAtYUcgZG9ja2VyIGF6dXJldXNlcgpzdWRvIHN5c3RlbWN0bCBlbmFibGUgZG9ja2VyCnN1ZG8gc3lzdGVtY3RsIHN0YXJ0IGRvY2tlcgplY2hvICJ2bS5tYXhfbWFwX2NvdW50PTI2MjE0NCIgfCBzdWRvIHRlZSAtYSAvZXRjL3N5c2N0bC5jb25mCnN1ZG8gc3lzY3RsIC1wCg==",
            "dedicated_host_group_id": "",
            "dedicated_host_id": "",
            "disable_password_authentication": true,
            "disk_controller_type": "SCSI",
            "edge_zone": "",
            "encryption_at_host_enabled": false,
            "eviction_policy": "",
            "extensions_time_budget": "PT1H30M",
            "gallery_application": [],
            "id": "/subscriptions/5856ea95-14af-42c5-a3de-d77985bd761c/resourceGroups/swarmfort-resources-v3/providers/Microsoft.Compute/virtualMachines/swarm-worker-2",
            "identity": [],
            "license_type": "",
            "location": "malaysiawest",
            "max_bid_price": -1,
            "name": "swarm-worker-2",
            "network_interface_ids": [
              "/subscriptions/5856ea95-14af-42c5-a3de-d77985bd761c/resourceGroups/swarmfort-resources-v3/providers/Microsoft.Network/networkInterfaces/worker-2-nic"
            ],
            "os_disk": [
              {
                "caching": "ReadWrite",
                "diff_disk_settings": [],
                "disk_encryption_set_id": "",
                "disk_size_gb": 30,
                "name": "swarm-worker-2_OsDisk_1_5760aa7d81ea43f6b3877afaf4e79dc9",
                "secure_vm_disk_encryption_set_id": "",
                "security_encryption_type": "",
                "storage_account_type": "Standard_LRS",
                "write_accelerator_enabled": false
              }
            ],
            "os_image_notification": [],
            "patch_assessment_mode": "ImageDefault",
            "patch_mode": "ImageDefault",
            "plan": [],
            "platform_fault_domain": -1,
            "priority": "Regular",
            "private_ip_address": "10.0.1.6",
            "private_ip_addresses": [
              "10.0.1.6"
            ],
            "provision_vm_agent": true,
            "proximity_placement_group_id": "",
            "public_ip_address": "",
            "public_ip_addresses": [],
            "reboot_setting": "",
            "resource_group_name": "swarmfort-resources-v3",
            "secret": [],
            "secure_boot_enabled": false,
            "size": "Standard_B2ats_v2",
            "source_image_id": "",
            "source_image_reference": [
              {
                "offer": "ubuntu-24_04-lts",
                "publisher": "Canonical",
                "sku": "server",
                "version": "latest"
              }
            ],
            "tags": null,
            "termination_notification": null,
            "timeouts": null,
            "user_data": "",
            "virtual_machine_id": "10bcf8ba-6967-443c-b078-e13b92e8489d",
            "virtual_machine_scale_set_id": "",
            "vm_agent_platform_updates_enabled": false,
            "vtpm_enabled": false,
            "zone": ""
          },
          "sensitive_attributes": [
            [
              {
                "type": "get_attr",
                "value": "admin_password"
              }
            ],
            [
              {
                "type": "get_attr",
                "value": "custom_data"
              }
            ]
          ],
          "identity_schema_version": 0,
          "private": "eyJlMmJmYjczMC1lY2FhLTExZTYtOGY4OC0zNDM2M2JjN2M0YzAiOnsiY3JlYXRlIjoyNzAwMDAwMDAwMDAwLCJkZWxldGUiOjI3MDAwMDAwMDAwMDAsInJlYWQiOjMwMDAwMDAwMDAwMCwidXBkYXRlIjoyNzAwMDAwMDAwMDAwfX0=",
          "dependencies": [
            "azurerm_network_interface.worker_nic",
            "azurerm_network_interface_security_group_association.worker_assoc",
            "azurerm_network_security_group.swarm_nsg",
            "azurerm_resource_group.swarm_rg",
            "azurerm_subnet.swarm_subnet",
            "azurerm_virtual_network.swarm_vnet"
          ]
        }
      ]
    },
    {
      "mode": "managed",
      "type": "azurerm_network_interface",
      "name": "manager_nic",
      "provider": "provider[\"registry.terraform.io/hashicorp/azurerm\"]",
      "instances": [
        {
          "schema_version": 0,
          "attributes": {
            "accelerated_networking_enabled": false,
            "applied_dns_servers": [],
            "auxiliary_mode": "",
            "auxiliary_sku": "",
            "dns_servers": [],
            "edge_zone": "",
            "enable_accelerated_networking": false,
            "enable_ip_forwarding": false,
            "id": "/subscriptions/5856ea95-14af-42c5-a3de-d77985bd761c/resourceGroups/swarmfort-resources-v3/providers/Microsoft.Network/networkInterfaces/manager-nic",
            "internal_dns_name_label": "",
            "internal_domain_name_suffix": "",
            "ip_configuration": [
              {
                "gateway_load_balancer_frontend_ip_configuration_id": "",
                "name": "internal",
                "primary": true,
                "private_ip_address": "10.0.1.4",
                "private_ip_address_allocation": "Static",
                "private_ip_address_version": "IPv4",
                "public_ip_address_id": "/subscriptions/5856ea95-14af-42c5-a3de-d77985bd761c/resourceGroups/swarmfort-resources-v3/providers/Microsoft.Network/publicIPAddresses/manager-pip",
                "subnet_id": "/subscriptions/5856ea95-14af-42c5-a3de-d77985bd761c/resourceGroups/swarmfort-resources-v3/providers/Microsoft.Network/virtualNetworks/swarm-vnet/subnets/swarm-subnet"
              }
            ],
            "ip_forwarding_enabled": false,
            "location": "malaysiawest",
            "mac_address": "7C-ED-8D-68-9F-22",
            "name": "manager-nic",
            "private_ip_address": "10.0.1.4",
            "private_ip_addresses": [
              "10.0.1.4"
            ],
            "resource_group_name": "swarmfort-resources-v3",
            "tags": {},
            "timeouts": null,
            "virtual_machine_id": "/subscriptions/5856ea95-14af-42c5-a3de-d77985bd761c/resourceGroups/swarmfort-resources-v3/providers/Microsoft.Compute/virtualMachines/swarm-manager-1"
          },
          "sensitive_attributes": [],
          "identity_schema_version": 0,
          "private": "eyJlMmJmYjczMC1lY2FhLTExZTYtOGY4OC0zNDM2M2JjN2M0YzAiOnsiY3JlYXRlIjoxODAwMDAwMDAwMDAwLCJkZWxldGUiOjE4MDAwMDAwMDAwMDAsInJlYWQiOjMwMDAwMDAwMDAwMCwidXBkYXRlIjoxODAwMDAwMDAwMDAwfX0=",
          "dependencies": [
            "azurerm_public_ip.manager_pip",
            "azurerm_resource_group.swarm_rg",
            "azurerm_subnet.swarm_subnet",
            "azurerm_virtual_network.swarm_vnet"
          ]
        }
      ]
    },
    {
      "mode": "managed",
      "type": "azurerm_network_interface",
      "name": "worker_nic",
      "provider": "provider[\"registry.terraform.io/hashicorp/azurerm\"]",
      "instances": [
        {
          "index_key": 0,
          "schema_version": 0,
          "attributes": {
            "accelerated_networking_enabled": false,
            "applied_dns_servers": [],
            "auxiliary_mode": "",
            "auxiliary_sku": "",
            "dns_servers": [],
            "edge_zone": "",
            "enable_accelerated_networking": false,
            "enable_ip_forwarding": false,
            "id": "/subscriptions/5856ea95-14af-42c5-a3de-d77985bd761c/resourceGroups/swarmfort-resources-v3/providers/Microsoft.Network/networkInterfaces/worker-1-nic",
            "internal_dns_name_label": "",
            "internal_domain_name_suffix": "",
            "ip_configuration": [
              {
                "gateway_load_balancer_frontend_ip_configuration_id": "",
                "name": "internal",
                "primary": true,
                "private_ip_address": "10.0.1.5",
                "private_ip_address_allocation": "Static",
                "private_ip_address_version": "IPv4",
                "public_ip_address_id": "",
                "subnet_id": "/subscriptions/5856ea95-14af-42c5-a3de-d77985bd761c/resourceGroups/swarmfort-resources-v3/providers/Microsoft.Network/virtualNetworks/swarm-vnet/subnets/swarm-subnet"
              }
            ],
            "ip_forwarding_enabled": false,
            "location": "malaysiawest",
            "mac_address": "7C-ED-8D-68-B6-BD",
            "name": "worker-1-nic",
            "private_ip_address": "10.0.1.5",
            "private_ip_addresses": [
              "10.0.1.5"
            ],
            "resource_group_name": "swarmfort-resources-v3",
            "tags": {},
            "timeouts": null,
            "virtual_machine_id": "/subscriptions/5856ea95-14af-42c5-a3de-d77985bd761c/resourceGroups/swarmfort-resources-v3/providers/Microsoft.Compute/virtualMachines/swarm-worker-1"
          },
          "sensitive_attributes": [],
          "identity_schema_version": 0,
          "private": "eyJlMmJmYjczMC1lY2FhLTExZTYtOGY4OC0zNDM2M2JjN2M0YzAiOnsiY3JlYXRlIjoxODAwMDAwMDAwMDAwLCJkZWxldGUiOjE4MDAwMDAwMDAwMDAsInJlYWQiOjMwMDAwMDAwMDAwMCwidXBkYXRlIjoxODAwMDAwMDAwMDAwfX0=",
          "dependencies": [
            "azurerm_resource_group.swarm_rg",
            "azurerm_subnet.swarm_subnet",
            "azurerm_virtual_network.swarm_vnet"
          ]
        },
        {
          "index_key": 1,
          "schema_version": 0,
          "attributes": {
            "accelerated_networking_enabled": false,
            "applied_dns_servers": [],
            "auxiliary_mode": "",
            "auxiliary_sku": "",
            "dns_servers": [],
            "edge_zone": "",
            "enable_accelerated_networking": false,
            "enable_ip_forwarding": false,
            "id": "/subscriptions/5856ea95-14af-42c5-a3de-d77985bd761c/resourceGroups/swarmfort-resources-v3/providers/Microsoft.Network/networkInterfaces/worker-2-nic",
            "internal_dns_name_label": "",
            "internal_domain_name_suffix": "",
            "ip_configuration": [
              {
                "gateway_load_balancer_frontend_ip_configuration_id": "",
                "name": "internal",
                "primary": true,
                "private_ip_address": "10.0.1.6",
                "private_ip_address_allocation": "Static",
                "private_ip_address_version": "IPv4",
                "public_ip_address_id": "",
                "subnet_id": "/subscriptions/5856ea95-14af-42c5-a3de-d77985bd761c/resourceGroups/swarmfort-resources-v3/providers/Microsoft.Network/virtualNetworks/swarm-vnet/subnets/swarm-subnet"
              }
            ],
            "ip_forwarding_enabled": false,
            "location": "malaysiawest",
            "mac_address": "7C-ED-8D-68-BD-D9",
            "name": "worker-2-nic",
            "private_ip_address": "10.0.1.6",
            "private_ip_addresses": [
              "10.0.1.6"
            ],
            "resource_group_name": "swarmfort-resources-v3",
            "tags": {},
            "timeouts": null,
            "virtual_machine_id": "/subscriptions/5856ea95-14af-42c5-a3de-d77985bd761c/resourceGroups/swarmfort-resources-v3/providers/Microsoft.Compute/virtualMachines/swarm-worker-2"
          },
          "sensitive_attributes": [],
          "identity_schema_version": 0,
          "private": "eyJlMmJmYjczMC1lY2FhLTExZTYtOGY4OC0zNDM2M2JjN2M0YzAiOnsiY3JlYXRlIjoxODAwMDAwMDAwMDAwLCJkZWxldGUiOjE4MDAwMDAwMDAwMDAsInJlYWQiOjMwMDAwMDAwMDAwMCwidXBkYXRlIjoxODAwMDAwMDAwMDAwfX0=",
          "dependencies": [
            "azurerm_resource_group.swarm_rg",
            "azurerm_subnet.swarm_subnet",
            "azurerm_virtual_network.swarm_vnet"
          ]
        }
      ]
    },
    {
      "mode": "managed",
      "type": "azurerm_network_interface_security_group_association",
      "name": "manager_assoc",
      "provider": "provider[\"registry.terraform.io/hashicorp/azurerm\"]",
      "instances": [
        {
          "schema_version": 0,
          "attributes": {
            "id": "/subscriptions/5856ea95-14af-42c5-a3de-d77985bd761c/resourceGroups/swarmfort-resources-v3/providers/Microsoft.Network/networkInterfaces/manager-nic|/subscriptions/5856ea95-14af-42c5-a3de-d77985bd761c/resourceGroups/swarmfort-resources-v3/providers/Microsoft.Network/networkSecurityGroups/swarm-nsg",
            "network_interface_id": "/subscriptions/5856ea95-14af-42c5-a3de-d77985bd761c/resourceGroups/swarmfort-resources-v3/providers/Microsoft.Network/networkInterfaces/manager-nic",
            "network_security_group_id": "/subscriptions/5856ea95-14af-42c5-a3de-d77985bd761c/resourceGroups/swarmfort-resources-v3/providers/Microsoft.Network/networkSecurityGroups/swarm-nsg",
            "timeouts": null
          },
          "sensitive_attributes": [],
          "identity_schema_version": 0,
          "private": "eyJlMmJmYjczMC1lY2FhLTExZTYtOGY4OC0zNDM2M2JjN2M0YzAiOnsiY3JlYXRlIjoxODAwMDAwMDAwMDAwLCJkZWxldGUiOjE4MDAwMDAwMDAwMDAsInJlYWQiOjMwMDAwMDAwMDAwMH19",
          "dependencies": [
            "azurerm_network_interface.manager_nic",
            "azurerm_network_security_group.swarm_nsg",
            "azurerm_public_ip.manager_pip",
            "azurerm_resource_group.swarm_rg",
            "azurerm_subnet.swarm_subnet",
            "azurerm_virtual_network.swarm_vnet"
          ]
        }
      ]
    },
    {
      "mode": "managed",
      "type": "azurerm_network_interface_security_group_association",
      "name": "worker_assoc",
      "provider": "provider[\"registry.terraform.io/hashicorp/azurerm\"]",
      "instances": [
        {
          "index_key": 0,
          "schema_version": 0,
          "attributes": {
            "id": "/subscriptions/5856ea95-14af-42c5-a3de-d77985bd761c/resourceGroups/swarmfort-resources-v3/providers/Microsoft.Network/networkInterfaces/worker-1-nic|/subscriptions/5856ea95-14af-42c5-a3de-d77985bd761c/resourceGroups/swarmfort-resources-v3/providers/Microsoft.Network/networkSecurityGroups/swarm-nsg",
            "network_interface_id": "/subscriptions/5856ea95-14af-42c5-a3de-d77985bd761c/resourceGroups/swarmfort-resources-v3/providers/Microsoft.Network/networkInterfaces/worker-1-nic",
            "network_security_group_id": "/subscriptions/5856ea95-14af-42c5-a3de-d77985bd761c/resourceGroups/swarmfort-resources-v3/providers/Microsoft.Network/networkSecurityGroups/swarm-nsg",
            "timeouts": null
          },
          "sensitive_attributes": [],
          "identity_schema_version": 0,
          "private": "eyJlMmJmYjczMC1lY2FhLTExZTYtOGY4OC0zNDM2M2JjN2M0YzAiOnsiY3JlYXRlIjoxODAwMDAwMDAwMDAwLCJkZWxldGUiOjE4MDAwMDAwMDAwMDAsInJlYWQiOjMwMDAwMDAwMDAwMH19",
          "dependencies": [
            "azurerm_network_interface.worker_nic",
            "azurerm_network_security_group.swarm_nsg",
            "azurerm_resource_group.swarm_rg",
            "azurerm_subnet.swarm_subnet",
            "azurerm_virtual_network.swarm_vnet"
          ]
        },
        {
          "index_key": 1,
          "schema_version": 0,
          "attributes": {
            "id": "/subscriptions/5856ea95-14af-42c5-a3de-d77985bd761c/resourceGroups/swarmfort-resources-v3/providers/Microsoft.Network/networkInterfaces/worker-2-nic|/subscriptions/5856ea95-14af-42c5-a3de-d77985bd761c/resourceGroups/swarmfort-resources-v3/providers/Microsoft.Network/networkSecurityGroups/swarm-nsg",
            "network_interface_id": "/subscriptions/5856ea95-14af-42c5-a3de-d77985bd761c/resourceGroups/swarmfort-resources-v3/providers/Microsoft.Network/networkInterfaces/worker-2-nic",
            "network_security_group_id": "/subscriptions/5856ea95-14af-42c5-a3de-d77985bd761c/resourceGroups/swarmfort-resources-v3/providers/Microsoft.Network/networkSecurityGroups/swarm-nsg",
            "timeouts": null
          },
          "sensitive_attributes": [],
          "identity_schema_version": 0,
          "private": "eyJlMmJmYjczMC1lY2FhLTExZTYtOGY4OC0zNDM2M2JjN2M0YzAiOnsiY3JlYXRlIjoxODAwMDAwMDAwMDAwLCJkZWxldGUiOjE4MDAwMDAwMDAwMDAsInJlYWQiOjMwMDAwMDAwMDAwMH19",
          "dependencies": [
            "azurerm_network_interface.worker_nic",
            "azurerm_network_security_group.swarm_nsg",
            "azurerm_resource_group.swarm_rg",
            "azurerm_subnet.swarm_subnet",
            "azurerm_virtual_network.swarm_vnet"
          ]
        }
      ]
    },
    {
      "mode": "managed",
      "type": "azurerm_network_security_group",
      "name": "swarm_nsg",
      "provider": "provider[\"registry.terraform.io/hashicorp/azurerm\"]",
      "instances": [
        {
          "schema_version": 0,
          "attributes": {
            "id": "/subscriptions/5856ea95-14af-42c5-a3de-d77985bd761c/resourceGroups/swarmfort-resources-v3/providers/Microsoft.Network/networkSecurityGroups/swarm-nsg",
            "location": "malaysiawest",
            "name": "swarm-nsg",
            "resource_group_name": "swarmfort-resources-v3",
            "security_rule": [
              {
                "access": "Allow",
                "description": "",
                "destination_address_prefix": "*",
                "destination_address_prefixes": [],
                "destination_application_security_group_ids": [],
                "destination_port_range": "22",
                "destination_port_ranges": [],
                "direction": "Inbound",
                "name": "AllowSSH",
                "priority": 100,
                "protocol": "Tcp",
                "source_address_prefix": "*",
                "source_address_prefixes": [],
                "source_application_security_group_ids": [],
                "source_port_range": "*",
                "source_port_ranges": []
              },
              {
                "access": "Allow",
                "description": "",
                "destination_address_prefix": "*",
                "destination_address_prefixes": [],
                "destination_application_security_group_ids": [],
                "destination_port_range": "2377",
                "destination_port_ranges": [],
                "direction": "Inbound",
                "name": "AllowSwarmMgmt",
                "priority": 200,
                "protocol": "Tcp",
                "source_address_prefix": "10.0.0.0/16",
                "source_address_prefixes": [],
                "source_application_security_group_ids": [],
                "source_port_range": "*",
                "source_port_ranges": []
              },
              {
                "access": "Allow",
                "description": "",
                "destination_address_prefix": "*",
                "destination_address_prefixes": [],
                "destination_application_security_group_ids": [],
                "destination_port_range": "443",
                "destination_port_ranges": [],
                "direction": "Inbound",
                "name": "AllowHTTPS",
                "priority": 120,
                "protocol": "Tcp",
                "source_address_prefix": "*",
                "source_address_prefixes": [],
                "source_application_security_group_ids": [],
                "source_port_range": "*",
                "source_port_ranges": []
              },
              {
                "access": "Allow",
                "description": "",
                "destination_address_prefix": "*",
                "destination_address_prefixes": [],
                "destination_application_security_group_ids": [],
                "destination_port_range": "4789",
                "destination_port_ranges": [],
                "direction": "Inbound",
                "name": "AllowSwarmOverlay",
                "priority": 220,
                "protocol": "Udp",
                "source_address_prefix": "10.0.0.0/16",
                "source_address_prefixes": [],
                "source_application_security_group_ids": [],
                "source_port_range": "*",
                "source_port_ranges": []
              },
              {
                "access": "Allow",
                "description": "",
                "destination_address_prefix": "*",
                "destination_address_prefixes": [],
                "destination_application_security_group_ids": [],
                "destination_port_range": "7946",
                "destination_port_ranges": [],
                "direction": "Inbound",
                "name": "AllowSwarmNodeComm",
                "priority": 210,
                "protocol": "*",
                "source_address_prefix": "10.0.0.0/16",
                "source_address_prefixes": [],
                "source_application_security_group_ids": [],
                "source_port_range": "*",
                "source_port_ranges": []
              },
              {
                "access": "Allow",
                "description": "",
                "destination_address_prefix": "*",
                "destination_address_prefixes": [],
                "destination_application_security_group_ids": [],
                "destination_port_range": "80",
                "destination_port_ranges": [],
                "direction": "Inbound",
                "name": "AllowHTTP",
                "priority": 110,
                "protocol": "Tcp",
                "source_address_prefix": "*",
                "source_address_prefixes": [],
                "source_application_security_group_ids": [],
                "source_port_range": "*",
                "source_port_ranges": []
              }
            ],
            "tags": {},
            "timeouts": null
          },
          "sensitive_attributes": [],
          "identity_schema_version": 0,
          "private": "eyJlMmJmYjczMC1lY2FhLTExZTYtOGY4OC0zNDM2M2JjN2M0YzAiOnsiY3JlYXRlIjoxODAwMDAwMDAwMDAwLCJkZWxldGUiOjE4MDAwMDAwMDAwMDAsInJlYWQiOjMwMDAwMDAwMDAwMCwidXBkYXRlIjoxODAwMDAwMDAwMDAwfX0=",
          "dependencies": [
            "azurerm_resource_group.swarm_rg"
          ]
        }
      ]
    },
    {
      "mode": "managed",
      "type": "azurerm_public_ip",
      "name": "manager_pip",
      "provider": "provider[\"registry.terraform.io/hashicorp/azurerm\"]",
      "instances": [
        {
          "schema_version": 0,
          "attributes": {
            "allocation_method": "Static",
            "ddos_protection_mode": "VirtualNetworkInherited",
            "ddos_protection_plan_id": null,
            "domain_name_label": null,
            "edge_zone": "",
            "fqdn": null,
            "id": "/subscriptions/5856ea95-14af-42c5-a3de-d77985bd761c/resourceGroups/swarmfort-resources-v3/providers/Microsoft.Network/publicIPAddresses/manager-pip",
            "idle_timeout_in_minutes": 4,
            "ip_address": "85.211.196.111",
            "ip_tags": {},
            "ip_version": "IPv4",
            "location": "malaysiawest",
            "name": "manager-pip",
            "public_ip_prefix_id": null,
            "resource_group_name": "swarmfort-resources-v3",
            "reverse_fqdn": null,
            "sku": "Standard",
            "sku_tier": "Regional",
            "tags": {},
            "timeouts": null,
            "zones": []
          },
          "sensitive_attributes": [],
          "identity_schema_version": 0,
          "private": "eyJlMmJmYjczMC1lY2FhLTExZTYtOGY4OC0zNDM2M2JjN2M0YzAiOnsiY3JlYXRlIjoxODAwMDAwMDAwMDAwLCJkZWxldGUiOjE4MDAwMDAwMDAwMDAsInJlYWQiOjMwMDAwMDAwMDAwMCwidXBkYXRlIjoxODAwMDAwMDAwMDAwfX0=",
          "dependencies": [
            "azurerm_resource_group.swarm_rg"
          ]
        }
      ]
    },
    {
      "mode": "managed",
      "type": "azurerm_resource_group",
      "name": "swarm_rg",
      "provider": "provider[\"registry.terraform.io/hashicorp/azurerm\"]",
      "instances": [
        {
          "schema_version": 0,
          "attributes": {
            "id": "/subscriptions/5856ea95-14af-42c5-a3de-d77985bd761c/resourceGroups/swarmfort-resources-v3",
            "location": "malaysiawest",
            "managed_by": "",
            "name": "swarmfort-resources-v3",
            "tags": {
              "Environment": "Development",
              "Project": "DockerSwarm"
            },
            "timeouts": null
          },
          "sensitive_attributes": [],
          "identity_schema_version": 0,
          "private": "eyJlMmJmYjczMC1lY2FhLTExZTYtOGY4OC0zNDM2M2JjN2M0YzAiOnsiY3JlYXRlIjo1NDAwMDAwMDAwMDAwLCJkZWxldGUiOjU0MDAwMDAwMDAwMDAsInJlYWQiOjMwMDAwMDAwMDAwMCwidXBkYXRlIjo1NDAwMDAwMDAwMDAwfX0="
        }
      ]
    },
    {
      "mode": "managed",
      "type": "azurerm_subnet",
      "name": "swarm_subnet",
      "provider": "provider[\"registry.terraform.io/hashicorp/azurerm\"]",
      "instances": [
        {
          "schema_version": 0,
          "attributes": {
            "address_prefixes": [
              "10.0.1.0/24"
            ],
            "default_outbound_access_enabled": true,
            "delegation": [],
            "enforce_private_link_endpoint_network_policies": false,
            "enforce_private_link_service_network_policies": false,
            "id": "/subscriptions/5856ea95-14af-42c5-a3de-d77985bd761c/resourceGroups/swarmfort-resources-v3/providers/Microsoft.Network/virtualNetworks/swarm-vnet/subnets/swarm-subnet",
            "name": "swarm-subnet",
            "private_endpoint_network_policies": "Enabled",
            "private_endpoint_network_policies_enabled": true,
            "private_link_service_network_policies_enabled": true,
            "resource_group_name": "swarmfort-resources-v3",
            "service_endpoint_policy_ids": [],
            "service_endpoints": [],
            "timeouts": null,
            "virtual_network_name": "swarm-vnet"
          },
          "sensitive_attributes": [],
          "identity_schema_version": 0,
          "private": "eyJlMmJmYjczMC1lY2FhLTExZTYtOGY4OC0zNDM2M2JjN2M0YzAiOnsiY3JlYXRlIjoxODAwMDAwMDAwMDAwLCJkZWxldGUiOjE4MDAwMDAwMDAwMDAsInJlYWQiOjMwMDAwMDAwMDAwMCwidXBkYXRlIjoxODAwMDAwMDAwMDAwfX0=",
          "dependencies": [
            "azurerm_resource_group.swarm_rg",
            "azurerm_virtual_network.swarm_vnet"
          ]
        }
      ]
    },
    {
      "mode": "managed",
      "type": "azurerm_virtual_network",
      "name": "swarm_vnet",
      "provider": "provider[\"registry.terraform.io/hashicorp/azurerm\"]",
      "instances": [
        {
          "schema_version": 0,
          "attributes": {
            "address_space": [
              "10.0.0.0/16"
            ],
            "bgp_community": "",
            "ddos_protection_plan": [],
            "dns_servers": [],
            "edge_zone": "",
            "encryption": [],
            "flow_timeout_in_minutes": 0,
            "guid": "bf217066-d6be-44df-b985-42a7a52dbe99",
            "id": "/subscriptions/5856ea95-14af-42c5-a3de-d77985bd761c/resourceGroups/swarmfort-resources-v3/providers/Microsoft.Network/virtualNetworks/swarm-vnet",
            "location": "malaysiawest",
            "name": "swarm-vnet",
            "resource_group_name": "swarmfort-resources-v3",
            "subnet": [
              {
                "address_prefix": "10.0.1.0/24",
                "id": "/subscriptions/5856ea95-14af-42c5-a3de-d77985bd761c/resourceGroups/swarmfort-resources-v3/providers/Microsoft.Network/virtualNetworks/swarm-vnet/subnets/swarm-subnet",
                "name": "swarm-subnet",
                "security_group": ""
              }
            ],
            "tags": {},
            "timeouts": null
          },
          "sensitive_attributes": [],
          "identity_schema_version": 0,
          "private": "eyJlMmJmYjczMC1lY2FhLTExZTYtOGY4OC0zNDM2M2JjN2M0YzAiOnsiY3JlYXRlIjoxODAwMDAwMDAwMDAwLCJkZWxldGUiOjE4MDAwMDAwMDAwMDAsInJlYWQiOjMwMDAwMDAwMDAwMCwidXBkYXRlIjoxODAwMDAwMDAwMDAwfX0=",
          "dependencies": [
            "azurerm_resource_group.swarm_rg"
          ]
        }
      ]
    }
  ],
  "check_results": null
}
